# THIS IS AN AUTOGENERATED FILE. DO NOT EDIT THIS FILE DIRECTLY.
# yarn lockfile v1


abbrev@1:
  version "1.1.0"
  resolved "https://registry.yarnpkg.com/abbrev/-/abbrev-1.1.0.tgz#d0554c2256636e2f56e7c2e5ad183f859428d81f"

ajv@^4.9.1:
  version "4.11.3"
  resolved "https://registry.yarnpkg.com/ajv/-/ajv-4.11.3.tgz#ce30bdb90d1254f762c75af915fb3a63e7183d22"
  dependencies:
    co "^4.6.0"
    json-stable-stringify "^1.0.1"

amdefine@>=0.0.4:
  version "1.0.1"
  resolved "https://registry.yarnpkg.com/amdefine/-/amdefine-1.0.1.tgz#4a5282ac164729e93619bcfd3ad151f817ce91f5"

ansi-regex@^0.2.0, ansi-regex@^0.2.1:
  version "0.2.1"
  resolved "https://registry.yarnpkg.com/ansi-regex/-/ansi-regex-0.2.1.tgz#0d8e946967a3d8143f93e24e298525fc1b2235f9"

ansi-regex@^2.0.0:
  version "2.1.1"
  resolved "https://registry.yarnpkg.com/ansi-regex/-/ansi-regex-2.1.1.tgz#c3b33ab5ee360d86e0e628f0468ae7ef27d654df"

ansi-styles@^1.1.0:
  version "1.1.0"
  resolved "https://registry.yarnpkg.com/ansi-styles/-/ansi-styles-1.1.0.tgz#eaecbf66cd706882760b2f4691582b8f55d7a7de"

ansi-styles@^2.2.1:
  version "2.2.1"
  resolved "https://registry.yarnpkg.com/ansi-styles/-/ansi-styles-2.2.1.tgz#b432dd3358b634cf75e1e4664368240533c1ddbe"

"argparse@~ 0.1.11":
  version "0.1.16"
  resolved "https://registry.yarnpkg.com/argparse/-/argparse-0.1.16.tgz#cfd01e0fbba3d6caed049fbd758d40f65196f57c"
  dependencies:
    underscore "~1.7.0"
    underscore.string "~2.4.0"

asap@~1.0.0:
  version "1.0.0"
  resolved "https://registry.yarnpkg.com/asap/-/asap-1.0.0.tgz#b2a45da5fdfa20b0496fc3768cc27c12fa916a7d"

asn1@~0.2.3:
  version "0.2.3"
  resolved "https://registry.yarnpkg.com/asn1/-/asn1-0.2.3.tgz#dac8787713c9966849fc8180777ebe9c1ddf3b86"

assert-plus@^0.2.0:
  version "0.2.0"
  resolved "https://registry.yarnpkg.com/assert-plus/-/assert-plus-0.2.0.tgz#d74e1b87e7affc0db8aadb7021f3fe48101ab234"

assert-plus@^1.0.0:
  version "1.0.0"
  resolved "https://registry.yarnpkg.com/assert-plus/-/assert-plus-1.0.0.tgz#f12e0f3c5d77b0b1cdd9146942e4e96c1e4dd525"

async@^0.9.0:
  version "0.9.2"
  resolved "https://registry.yarnpkg.com/async/-/async-0.9.2.tgz#aea74d5e61c1f899613bf64bda66d4c78f2fd17d"

async@~0.1.22:
  version "0.1.22"
  resolved "https://registry.yarnpkg.com/async/-/async-0.1.22.tgz#0fc1aaa088a0e3ef0ebe2d8831bab0dcf8845061"

async@~0.2.9:
  version "0.2.10"
  resolved "https://registry.yarnpkg.com/async/-/async-0.2.10.tgz#b6bbe0b0674b9d719708ca38de8c237cb526c3d1"

asynckit@^0.4.0:
  version "0.4.0"
  resolved "https://registry.yarnpkg.com/asynckit/-/asynckit-0.4.0.tgz#c79ed97f7f34cb8f2ba1bc9790bcc366474b4b79"

autoprefixer@^6.0.3:
  version "6.7.6"
  resolved "https://registry.yarnpkg.com/autoprefixer/-/autoprefixer-6.7.6.tgz#00f05656c7ef73de9d2fd9b4668f6ef6905a855a"
  dependencies:
    browserslist "^1.7.5"
    caniuse-db "^1.0.30000628"
    normalize-range "^0.1.2"
    num2fraction "^1.2.2"
    postcss "^5.2.15"
    postcss-value-parser "^3.2.3"

aws-sign2@~0.6.0:
  version "0.6.0"
  resolved "https://registry.yarnpkg.com/aws-sign2/-/aws-sign2-0.6.0.tgz#14342dd38dbcc94d0e5b87d763cd63612c0e794f"

aws4@^1.2.1:
  version "1.6.0"
  resolved "https://registry.yarnpkg.com/aws4/-/aws4-1.6.0.tgz#83ef5ca860b2b32e4a0deedee8c771b9db57471e"

bcrypt-pbkdf@^1.0.0:
  version "1.0.1"
  resolved "https://registry.yarnpkg.com/bcrypt-pbkdf/-/bcrypt-pbkdf-1.0.1.tgz#63bc5dcb61331b92bc05fd528953c33462a06f8d"
  dependencies:
    tweetnacl "^0.14.3"

boom@2.x.x:
  version "2.10.1"
  resolved "https://registry.yarnpkg.com/boom/-/boom-2.10.1.tgz#39c8918ceff5799f83f9492a848f625add0c766f"
  dependencies:
    hoek "2.x.x"

browserslist@^1.7.5:
  version "1.7.6"
  resolved "https://registry.yarnpkg.com/browserslist/-/browserslist-1.7.6.tgz#af98589ce6e7ab09618d29451faacb81220bd3ba"
  dependencies:
    caniuse-db "^1.0.30000631"
    electron-to-chromium "^1.2.5"

caniuse-db@^1.0.30000628, caniuse-db@^1.0.30000631:
  version "1.0.30000631"
  resolved "https://registry.yarnpkg.com/caniuse-db/-/caniuse-db-1.0.30000631.tgz#8aa6f65cff452c4aba1c2aaa1e724102fbb9114f"

caseless@~0.12.0:
  version "0.12.0"
  resolved "https://registry.yarnpkg.com/caseless/-/caseless-0.12.0.tgz#1b681c21ff84033c826543090689420d187151dc"

chalk@^0.5.1:
  version "0.5.1"
  resolved "https://registry.yarnpkg.com/chalk/-/chalk-0.5.1.tgz#663b3a648b68b55d04690d49167aa837858f2174"
  dependencies:
    ansi-styles "^1.1.0"
    escape-string-regexp "^1.0.0"
    has-ansi "^0.1.0"
    strip-ansi "^0.3.0"
    supports-color "^0.2.0"

chalk@^1.0.0, chalk@^1.1.3:
  version "1.1.3"
  resolved "https://registry.yarnpkg.com/chalk/-/chalk-1.1.3.tgz#a8115c55e4a702fe4d150abd3872822a7e09fc98"
  dependencies:
    ansi-styles "^2.2.1"
    escape-string-regexp "^1.0.2"
    has-ansi "^2.0.0"
    strip-ansi "^3.0.0"
    supports-color "^2.0.0"

co@^4.6.0:
  version "4.6.0"
  resolved "https://registry.yarnpkg.com/co/-/co-4.6.0.tgz#6ea6bdf3d853ae54ccb8e47bfa0bf3f9031fb184"

coffee-script@~1.3.3:
  version "1.3.3"
  resolved "https://registry.yarnpkg.com/coffee-script/-/coffee-script-1.3.3.tgz#150d6b4cb522894369efed6a2101c20bc7f4a4f4"

colors@~0.6.2:
  version "0.6.2"
  resolved "https://registry.yarnpkg.com/colors/-/colors-0.6.2.tgz#2423fe6678ac0c5dae8852e5d0e5be08c997abcc"

combined-stream@^1.0.5, combined-stream@~1.0.5:
  version "1.0.5"
  resolved "https://registry.yarnpkg.com/combined-stream/-/combined-stream-1.0.5.tgz#938370a57b4a51dea2c77c15d5c5fdf895164009"
  dependencies:
    delayed-stream "~1.0.0"

cryptiles@2.x.x:
  version "2.0.5"
  resolved "https://registry.yarnpkg.com/cryptiles/-/cryptiles-2.0.5.tgz#3bdfecdc608147c1c67202fa291e7dca59eaa3b8"
  dependencies:
    boom "2.x.x"

dashdash@^1.12.0:
  version "1.14.1"
  resolved "https://registry.yarnpkg.com/dashdash/-/dashdash-1.14.1.tgz#853cfa0f7cbe2fed5de20326b8dd581035f6e2f0"
  dependencies:
    assert-plus "^1.0.0"

dateformat@1.0.2-1.2.3:
  version "1.0.2-1.2.3"
  resolved "https://registry.yarnpkg.com/dateformat/-/dateformat-1.0.2-1.2.3.tgz#b0220c02de98617433b72851cf47de3df2cdbee9"

debug@~0.7.0:
  version "0.7.4"
  resolved "https://registry.yarnpkg.com/debug/-/debug-0.7.4.tgz#06e1ea8082c2cb14e39806e22e2f6f757f92af39"

delayed-stream@~1.0.0:
  version "1.0.0"
  resolved "https://registry.yarnpkg.com/delayed-stream/-/delayed-stream-1.0.0.tgz#df3ae199acadfb7d440aaae0b29e2272b24ec619"

diff@^2.0.2:
  version "2.2.3"
  resolved "https://registry.yarnpkg.com/diff/-/diff-2.2.3.tgz#60eafd0d28ee906e4e8ff0a52c1229521033bf99"

ecc-jsbn@~0.1.1:
  version "0.1.1"
  resolved "https://registry.yarnpkg.com/ecc-jsbn/-/ecc-jsbn-0.1.1.tgz#0fc73a9ed5f0d53c38193398523ef7e543777505"
  dependencies:
    jsbn "~0.1.0"

electron-to-chromium@^1.2.5:
  version "1.2.5"
  resolved "https://registry.yarnpkg.com/electron-to-chromium/-/electron-to-chromium-1.2.5.tgz#d373727228843dfd8466c276089f13b40927a952"

errno@^0.1.1:
  version "0.1.4"
  resolved "https://registry.yarnpkg.com/errno/-/errno-0.1.4.tgz#b896e23a9e5e8ba33871fc996abd3635fc9a1c7d"
  dependencies:
    prr "~0.0.0"

es6-promise@^3.0.2:
  version "3.3.1"
  resolved "https://registry.yarnpkg.com/es6-promise/-/es6-promise-3.3.1.tgz#a08cdde84ccdbf34d027a1451bc91d4bcd28a613"

escape-string-regexp@^1.0.0, escape-string-regexp@^1.0.2:
  version "1.0.5"
  resolved "https://registry.yarnpkg.com/escape-string-regexp/-/escape-string-regexp-1.0.5.tgz#1b61c0562190a8dff6ae3bb2cf0200ca130b86d4"

"esprima@~ 1.0.2":
  version "1.0.4"
  resolved "https://registry.yarnpkg.com/esprima/-/esprima-1.0.4.tgz#9f557e08fc3b4d26ece9dd34f8fbf476b62585ad"

eventemitter2@~0.4.13:
  version "0.4.14"
  resolved "https://registry.yarnpkg.com/eventemitter2/-/eventemitter2-0.4.14.tgz#8f61b75cde012b2e9eb284d4545583b5643b61ab"

exit@~0.1.1:
  version "0.1.2"
  resolved "https://registry.yarnpkg.com/exit/-/exit-0.1.2.tgz#0632638f8d877cc82107d30a0fff1a17cba1cd0c"

extend@~3.0.0:
  version "3.0.0"
  resolved "https://registry.yarnpkg.com/extend/-/extend-3.0.0.tgz#5a474353b9f3353ddd8176dfd37b91c83a46f1d4"

extsprintf@1.0.2:
  version "1.0.2"
  resolved "https://registry.yarnpkg.com/extsprintf/-/extsprintf-1.0.2.tgz#e1080e0658e300b06294990cc70e1502235fd550"

faye-websocket@~0.4.3:
  version "0.4.4"
  resolved "https://registry.yarnpkg.com/faye-websocket/-/faye-websocket-0.4.4.tgz#c14c5b3bf14d7417ffbfd990c0a7495cd9f337bc"

findup-sync@~0.1.2:
  version "0.1.3"
  resolved "https://registry.yarnpkg.com/findup-sync/-/findup-sync-0.1.3.tgz#7f3e7a97b82392c653bf06589bd85190e93c3683"
  dependencies:
    glob "~3.2.9"
    lodash "~2.4.1"

forever-agent@~0.6.1:
  version "0.6.1"
  resolved "https://registry.yarnpkg.com/forever-agent/-/forever-agent-0.6.1.tgz#fbc71f0c41adeb37f96c577ad1ed42d8fdacca91"

form-data@~2.1.1:
  version "2.1.2"
  resolved "https://registry.yarnpkg.com/form-data/-/form-data-2.1.2.tgz#89c3534008b97eada4cbb157d58f6f5df025eae4"
  dependencies:
    asynckit "^0.4.0"
    combined-stream "^1.0.5"
    mime-types "^2.1.12"

gaze@~0.5.1:
  version "0.5.2"
  resolved "https://registry.yarnpkg.com/gaze/-/gaze-0.5.2.tgz#40b709537d24d1d45767db5a908689dfe69ac44f"
  dependencies:
    globule "~0.1.0"

getobject@~0.1.0:
  version "0.1.0"
  resolved "https://registry.yarnpkg.com/getobject/-/getobject-0.1.0.tgz#047a449789fa160d018f5486ed91320b6ec7885c"

getpass@^0.1.1:
  version "0.1.6"
  resolved "https://registry.yarnpkg.com/getpass/-/getpass-0.1.6.tgz#283ffd9fc1256840875311c1b60e8c40187110e6"
  dependencies:
    assert-plus "^1.0.0"

glob@~3.1.21:
  version "3.1.21"
  resolved "https://registry.yarnpkg.com/glob/-/glob-3.1.21.tgz#d29e0a055dea5138f4d07ed40e8982e83c2066cd"
  dependencies:
    graceful-fs "~1.2.0"
    inherits "1"
    minimatch "~0.2.11"

glob@~3.2.9:
  version "3.2.11"
  resolved "https://registry.yarnpkg.com/glob/-/glob-3.2.11.tgz#4a973f635b9190f715d10987d5c00fd2815ebe3d"
  dependencies:
    inherits "2"
    minimatch "0.3"

globule@~0.1.0:
  version "0.1.0"
  resolved "https://registry.yarnpkg.com/globule/-/globule-0.1.0.tgz#d9c8edde1da79d125a151b79533b978676346ae5"
  dependencies:
    glob "~3.1.21"
    lodash "~1.0.1"
    minimatch "~0.2.11"

graceful-fs@^3.0.5:
  version "3.0.11"
  resolved "https://registry.yarnpkg.com/graceful-fs/-/graceful-fs-3.0.11.tgz#7613c778a1afea62f25c630a086d7f3acbbdd818"
  dependencies:
    natives "^1.1.0"

graceful-fs@~1.2.0:
  version "1.2.3"
  resolved "https://registry.yarnpkg.com/graceful-fs/-/graceful-fs-1.2.3.tgz#15a4806a57547cb2d2dbf27f42e89a8c3451b364"

grunt-contrib-less@~1.0.1:
  version "1.0.1"
  resolved "https://registry.yarnpkg.com/grunt-contrib-less/-/grunt-contrib-less-1.0.1.tgz#87f32a5e474987a405c9c9890d33686a45021d51"
  dependencies:
    async "^0.9.0"
    chalk "^0.5.1"
    less "~2.4.0"
    lodash "^2.4.1"

grunt-contrib-watch@~0.6.1:
  version "0.6.1"
  resolved "https://registry.yarnpkg.com/grunt-contrib-watch/-/grunt-contrib-watch-0.6.1.tgz#64fdcba25a635f5b4da1b6ce6f90da0aeb6e3f15"
  dependencies:
    async "~0.2.9"
    gaze "~0.5.1"
    lodash "~2.4.1"
    tiny-lr-fork "0.0.5"

grunt-legacy-log-utils@~0.1.1:
  version "0.1.1"
  resolved "https://registry.yarnpkg.com/grunt-legacy-log-utils/-/grunt-legacy-log-utils-0.1.1.tgz#c0706b9dd9064e116f36f23fe4e6b048672c0f7e"
  dependencies:
    colors "~0.6.2"
    lodash "~2.4.1"
    underscore.string "~2.3.3"

grunt-legacy-log@~0.1.0:
  version "0.1.3"
  resolved "https://registry.yarnpkg.com/grunt-legacy-log/-/grunt-legacy-log-0.1.3.tgz#ec29426e803021af59029f87d2f9cd7335a05531"
  dependencies:
    colors "~0.6.2"
    grunt-legacy-log-utils "~0.1.1"
    hooker "~0.2.3"
    lodash "~2.4.1"
    underscore.string "~2.3.3"

grunt-legacy-util@~0.2.0:
  version "0.2.0"
  resolved "https://registry.yarnpkg.com/grunt-legacy-util/-/grunt-legacy-util-0.2.0.tgz#93324884dbf7e37a9ff7c026dff451d94a9e554b"
  dependencies:
    async "~0.1.22"
    exit "~0.1.1"
    getobject "~0.1.0"
    hooker "~0.2.3"
    lodash "~0.9.2"
    underscore.string "~2.2.1"
    which "~1.0.5"

grunt-postcss@^0.6.0:
  version "0.6.0"
  resolved "https://registry.yarnpkg.com/grunt-postcss/-/grunt-postcss-0.6.0.tgz#662be103b781580eb6ab6c02d20571b94ebb3bfa"
  dependencies:
    chalk "^1.0.0"
    diff "^2.0.2"
    es6-promise "^3.0.2"
    postcss "^5.0.2"

grunt@~0.4.5:
  version "0.4.5"
  resolved "https://registry.yarnpkg.com/grunt/-/grunt-0.4.5.tgz#56937cd5194324adff6d207631832a9d6ba4e7f0"
  dependencies:
    async "~0.1.22"
    coffee-script "~1.3.3"
    colors "~0.6.2"
    dateformat "1.0.2-1.2.3"
    eventemitter2 "~0.4.13"
    exit "~0.1.1"
    findup-sync "~0.1.2"
    getobject "~0.1.0"
    glob "~3.1.21"
    grunt-legacy-log "~0.1.0"
    grunt-legacy-util "~0.2.0"
    hooker "~0.2.3"
    iconv-lite "~0.2.11"
    js-yaml "~2.0.5"
    lodash "~0.9.2"
    minimatch "~0.2.12"
    nopt "~1.0.10"
    rimraf "~2.2.8"
    underscore.string "~2.2.1"
    which "~1.0.5"

har-schema@^1.0.5:
  version "1.0.5"
  resolved "https://registry.yarnpkg.com/har-schema/-/har-schema-1.0.5.tgz#d263135f43307c02c602afc8fe95970c0151369e"

har-validator@~4.2.0:
  version "4.2.0"
  resolved "https://registry.yarnpkg.com/har-validator/-/har-validator-4.2.0.tgz#c2efa9f6c50fee92ef033cf30b796a2c5b660cd7"
  dependencies:
    ajv "^4.9.1"
    har-schema "^1.0.5"

has-ansi@^0.1.0:
  version "0.1.0"
  resolved "https://registry.yarnpkg.com/has-ansi/-/has-ansi-0.1.0.tgz#84f265aae8c0e6a88a12d7022894b7568894c62e"
  dependencies:
    ansi-regex "^0.2.0"

has-ansi@^2.0.0:
  version "2.0.0"
  resolved "https://registry.yarnpkg.com/has-ansi/-/has-ansi-2.0.0.tgz#34f5049ce1ecdf2b0649af3ef24e45ed35416d91"
  dependencies:
    ansi-regex "^2.0.0"

has-flag@^1.0.0:
  version "1.0.0"
  resolved "https://registry.yarnpkg.com/has-flag/-/has-flag-1.0.0.tgz#9d9e793165ce017a00f00418c43f942a7b1d11fa"

hawk@~3.1.3:
  version "3.1.3"
  resolved "https://registry.yarnpkg.com/hawk/-/hawk-3.1.3.tgz#078444bd7c1640b0fe540d2c9b73d59678e8e1c4"
  dependencies:
    boom "2.x.x"
    cryptiles "2.x.x"
    hoek "2.x.x"
    sntp "1.x.x"

hoek@2.x.x:
  version "2.16.3"
  resolved "https://registry.yarnpkg.com/hoek/-/hoek-2.16.3.tgz#20bb7403d3cea398e91dc4710a8ff1b8274a25ed"

hooker@~0.2.3:
  version "0.2.3"
  resolved "https://registry.yarnpkg.com/hooker/-/hooker-0.2.3.tgz#b834f723cc4a242aa65963459df6d984c5d3d959"

http-signature@~1.1.0:
  version "1.1.1"
  resolved "https://registry.yarnpkg.com/http-signature/-/http-signature-1.1.1.tgz#df72e267066cd0ac67fb76adf8e134a8fbcf91bf"
  dependencies:
    assert-plus "^0.2.0"
    jsprim "^1.2.2"
    sshpk "^1.7.0"

iconv-lite@~0.2.11:
  version "0.2.11"
  resolved "https://registry.yarnpkg.com/iconv-lite/-/iconv-lite-0.2.11.tgz#1ce60a3a57864a292d1321ff4609ca4bb965adc8"

image-size@~0.3.5:
  version "0.3.5"
  resolved "https://registry.yarnpkg.com/image-size/-/image-size-0.3.5.tgz#83240eab2fb5b00b04aab8c74b0471e9cba7ad8c"

inherits@1:
  version "1.0.2"
  resolved "https://registry.yarnpkg.com/inherits/-/inherits-1.0.2.tgz#ca4309dadee6b54cc0b8d247e8d7c7a0975bdc9b"

inherits@2:
  version "2.0.3"
  resolved "https://registry.yarnpkg.com/inherits/-/inherits-2.0.3.tgz#633c2c83e3da42a502f52466022480f4208261de"

is-typedarray@~1.0.0:
  version "1.0.0"
  resolved "https://registry.yarnpkg.com/is-typedarray/-/is-typedarray-1.0.0.tgz#e479c80858df0c1b11ddda6940f96011fcda4a9a"

isstream@~0.1.2:
  version "0.1.2"
  resolved "https://registry.yarnpkg.com/isstream/-/isstream-0.1.2.tgz#47e63f7af55afa6f92e1500e690eb8b8529c099a"

jodid25519@^1.0.0:
  version "1.0.2"
  resolved "https://registry.yarnpkg.com/jodid25519/-/jodid25519-1.0.2.tgz#06d4912255093419477d425633606e0e90782967"
  dependencies:
    jsbn "~0.1.0"

js-base64@^2.1.9:
  version "2.1.9"
  resolved "https://registry.yarnpkg.com/js-base64/-/js-base64-2.1.9.tgz#f0e80ae039a4bd654b5f281fc93f04a914a7fcce"

js-yaml@~2.0.5:
  version "2.0.5"
  resolved "https://registry.yarnpkg.com/js-yaml/-/js-yaml-2.0.5.tgz#a25ae6509999e97df278c6719da11bd0687743a8"
  dependencies:
    argparse "~ 0.1.11"
    esprima "~ 1.0.2"

jsbn@~0.1.0:
  version "0.1.1"
  resolved "https://registry.yarnpkg.com/jsbn/-/jsbn-0.1.1.tgz#a5e654c2e5a2deb5f201d96cefbca80c0ef2f513"

json-schema@0.2.3:
  version "0.2.3"
  resolved "https://registry.yarnpkg.com/json-schema/-/json-schema-0.2.3.tgz#b480c892e59a2f05954ce727bd3f2a4e882f9e13"

json-stable-stringify@^1.0.1:
  version "1.0.1"
  resolved "https://registry.yarnpkg.com/json-stable-stringify/-/json-stable-stringify-1.0.1.tgz#9a759d39c5f2ff503fd5300646ed445f88c4f9af"
  dependencies:
    jsonify "~0.0.0"

json-stringify-safe@~5.0.1:
  version "5.0.1"
  resolved "https://registry.yarnpkg.com/json-stringify-safe/-/json-stringify-safe-5.0.1.tgz#1296a2d58fd45f19a0f6ce01d65701e2c735b6eb"

jsonify@~0.0.0:
  version "0.0.0"
  resolved "https://registry.yarnpkg.com/jsonify/-/jsonify-0.0.0.tgz#2c74b6ee41d93ca51b7b5aaee8f503631d252a73"

jsprim@^1.2.2:
  version "1.3.1"
  resolved "https://registry.yarnpkg.com/jsprim/-/jsprim-1.3.1.tgz#2a7256f70412a29ee3670aaca625994c4dcff252"
  dependencies:
    extsprintf "1.0.2"
    json-schema "0.2.3"
    verror "1.3.6"

less@~2.4.0:
  version "2.4.0"
  resolved "https://registry.yarnpkg.com/less/-/less-2.4.0.tgz#ce51b38f1c05a0cdd47982fac40dd0a39cec2031"
  optionalDependencies:
    errno "^0.1.1"
    graceful-fs "^3.0.5"
    image-size "~0.3.5"
    mime "^1.2.11"
    mkdirp "^0.5.0"
    promise "^6.0.1"
    request "^2.51.0"
    source-map "^0.2.0"

lodash@^2.4.1, lodash@~2.4.1:
  version "2.4.2"
  resolved "https://registry.yarnpkg.com/lodash/-/lodash-2.4.2.tgz#fadd834b9683073da179b3eae6d9c0d15053f73e"

lodash@~0.9.2:
  version "0.9.2"
  resolved "https://registry.yarnpkg.com/lodash/-/lodash-0.9.2.tgz#8f3499c5245d346d682e5b0d3b40767e09f1a92c"

lodash@~1.0.1:
  version "1.0.2"
  resolved "https://registry.yarnpkg.com/lodash/-/lodash-1.0.2.tgz#8f57560c83b59fc270bd3d561b690043430e2551"

lru-cache@2:
  version "2.7.3"
  resolved "https://registry.yarnpkg.com/lru-cache/-/lru-cache-2.7.3.tgz#6d4524e8b955f95d4f5b58851ce21dd72fb4e952"

mime-db@~1.26.0:
  version "1.26.0"
  resolved "https://registry.yarnpkg.com/mime-db/-/mime-db-1.26.0.tgz#eaffcd0e4fc6935cf8134da246e2e6c35305adff"

mime-types@^2.1.12, mime-types@~2.1.7:
  version "2.1.14"
  resolved "https://registry.yarnpkg.com/mime-types/-/mime-types-2.1.14.tgz#f7ef7d97583fcaf3b7d282b6f8b5679dab1e94ee"
  dependencies:
    mime-db "~1.26.0"

mime@^1.2.11:
  version "1.3.4"
  resolved "https://registry.yarnpkg.com/mime/-/mime-1.3.4.tgz#115f9e3b6b3daf2959983cb38f149a2d40eb5d53"

minimatch@0.3:
  version "0.3.0"
  resolved "https://registry.yarnpkg.com/minimatch/-/minimatch-0.3.0.tgz#275d8edaac4f1bb3326472089e7949c8394699dd"
  dependencies:
    lru-cache "2"
    sigmund "~1.0.0"

minimatch@~0.2.11, minimatch@~0.2.12:
  version "0.2.14"
  resolved "https://registry.yarnpkg.com/minimatch/-/minimatch-0.2.14.tgz#c74e780574f63c6f9a090e90efbe6ef53a6a756a"
  dependencies:
    lru-cache "2"
    sigmund "~1.0.0"

minimist@0.0.8:
  version "0.0.8"
  resolved "https://registry.yarnpkg.com/minimist/-/minimist-0.0.8.tgz#857fcabfc3397d2625b8228262e86aa7a011b05d"

mkdirp@^0.5.0:
  version "0.5.1"
  resolved "https://registry.yarnpkg.com/mkdirp/-/mkdirp-0.5.1.tgz#30057438eac6cf7f8c4767f38648d6697d75c903"
  dependencies:
    minimist "0.0.8"

natives@^1.1.0:
  version "1.1.0"
  resolved "https://registry.yarnpkg.com/natives/-/natives-1.1.0.tgz#e9ff841418a6b2ec7a495e939984f78f163e6e31"

nopt@~1.0.10:
  version "1.0.10"
  resolved "https://registry.yarnpkg.com/nopt/-/nopt-1.0.10.tgz#6ddd21bd2a31417b92727dd585f8a6f37608ebee"
  dependencies:
    abbrev "1"

nopt@~2.0.0:
  version "2.0.0"
  resolved "https://registry.yarnpkg.com/nopt/-/nopt-2.0.0.tgz#ca7416f20a5e3f9c3b86180f96295fa3d0b52e0d"
  dependencies:
    abbrev "1"

noptify@~0.0.3:
  version "0.0.3"
  resolved "https://registry.yarnpkg.com/noptify/-/noptify-0.0.3.tgz#58f654a73d9753df0c51d9686dc92104a67f4bbb"
  dependencies:
    nopt "~2.0.0"

normalize-range@^0.1.2:
  version "0.1.2"
  resolved "https://registry.yarnpkg.com/normalize-range/-/normalize-range-0.1.2.tgz#2d10c06bdfd312ea9777695a4d28439456b75942"

num2fraction@^1.2.2:
  version "1.2.2"
  resolved "https://registry.yarnpkg.com/num2fraction/-/num2fraction-1.2.2.tgz#6f682b6a027a4e9ddfa4564cd2589d1d4e669ede"

oauth-sign@~0.8.1:
  version "0.8.2"
  resolved "https://registry.yarnpkg.com/oauth-sign/-/oauth-sign-0.8.2.tgz#46a6ab7f0aead8deae9ec0565780b7d4efeb9d43"

performance-now@^0.2.0:
  version "0.2.0"
  resolved "https://registry.yarnpkg.com/performance-now/-/performance-now-0.2.0.tgz#33ef30c5c77d4ea21c5a53869d91b56d8f2555e5"

postcss-value-parser@^3.2.3:
  version "3.3.0"
  resolved "https://registry.yarnpkg.com/postcss-value-parser/-/postcss-value-parser-3.3.0.tgz#87f38f9f18f774a4ab4c8a232f5c5ce8872a9d15"

postcss@^5.0.2, postcss@^5.2.15:
  version "5.2.15"
  resolved "https://registry.yarnpkg.com/postcss/-/postcss-5.2.15.tgz#a9e8685e50e06cc5b3fdea5297273246c26f5b30"
  dependencies:
    chalk "^1.1.3"
    js-base64 "^2.1.9"
    source-map "^0.5.6"
    supports-color "^3.2.3"

promise@^6.0.1:
  version "6.1.0"
  resolved "https://registry.yarnpkg.com/promise/-/promise-6.1.0.tgz#2ce729f6b94b45c26891ad0602c5c90e04c6eef6"
  dependencies:
    asap "~1.0.0"

prr@~0.0.0:
  version "0.0.0"
  resolved "https://registry.yarnpkg.com/prr/-/prr-0.0.0.tgz#1a84b85908325501411853d0081ee3fa86e2926a"

punycode@^1.4.1:
  version "1.4.1"
  resolved "https://registry.yarnpkg.com/punycode/-/punycode-1.4.1.tgz#c0d5a63b2718800ad8e1eb0fa5269c84dd41845e"

qs@~0.5.2:
  version "0.5.6"
  resolved "https://registry.yarnpkg.com/qs/-/qs-0.5.6.tgz#31b1ad058567651c526921506b9a8793911a0384"

qs@~6.3.0:
  version "6.3.1"
  resolved "https://registry.yarnpkg.com/qs/-/qs-6.3.1.tgz#918c0b3bcd36679772baf135b1acb4c1651ed79d"

request@^2.51.0:
  version "2.80.0"
  resolved "https://registry.yarnpkg.com/request/-/request-2.80.0.tgz#8cc162d76d79381cdefdd3505d76b80b60589bd0"
  dependencies:
    aws-sign2 "~0.6.0"
    aws4 "^1.2.1"
    caseless "~0.12.0"
    combined-stream "~1.0.5"
    extend "~3.0.0"
    forever-agent "~0.6.1"
    form-data "~2.1.1"
    har-validator "~4.2.0"
    hawk "~3.1.3"
    http-signature "~1.1.0"
    is-typedarray "~1.0.0"
    isstream "~0.1.2"
    json-stringify-safe "~5.0.1"
    mime-types "~2.1.7"
    oauth-sign "~0.8.1"
    performance-now "^0.2.0"
    qs "~6.3.0"
    stringstream "~0.0.4"
    tough-cookie "~2.3.0"
    tunnel-agent "~0.4.1"
    uuid "^3.0.0"

rimraf@~2.2.8:
  version "2.2.8"
  resolved "https://registry.yarnpkg.com/rimraf/-/rimraf-2.2.8.tgz#e439be2aaee327321952730f99a8929e4fc50582"

sigmund@~1.0.0:
  version "1.0.1"
  resolved "https://registry.yarnpkg.com/sigmund/-/sigmund-1.0.1.tgz#3ff21f198cad2175f9f3b781853fd94d0d19b590"

sntp@1.x.x:
  version "1.0.9"
  resolved "https://registry.yarnpkg.com/sntp/-/sntp-1.0.9.tgz#6541184cc90aeea6c6e7b35e2659082443c66198"
  dependencies:
    hoek "2.x.x"

source-map@^0.2.0:
  version "0.2.0"
  resolved "https://registry.yarnpkg.com/source-map/-/source-map-0.2.0.tgz#dab73fbcfc2ba819b4de03bd6f6eaa48164b3f9d"
  dependencies:
    amdefine ">=0.0.4"

source-map@^0.5.6:
  version "0.5.6"
  resolved "https://registry.yarnpkg.com/source-map/-/source-map-0.5.6.tgz#75ce38f52bf0733c5a7f0c118d81334a2bb5f412"

sshpk@^1.7.0:
  version "1.11.0"
  resolved "https://registry.yarnpkg.com/sshpk/-/sshpk-1.11.0.tgz#2d8d5ebb4a6fab28ffba37fa62a90f4a3ea59d77"
  dependencies:
    asn1 "~0.2.3"
    assert-plus "^1.0.0"
    dashdash "^1.12.0"
    getpass "^0.1.1"
  optionalDependencies:
    bcrypt-pbkdf "^1.0.0"
    ecc-jsbn "~0.1.1"
    jodid25519 "^1.0.0"
    jsbn "~0.1.0"
    tweetnacl "~0.14.0"

stringstream@~0.0.4:
  version "0.0.5"
  resolved "https://registry.yarnpkg.com/stringstream/-/stringstream-0.0.5.tgz#4e484cd4de5a0bbbee18e46307710a8a81621878"

strip-ansi@^0.3.0:
  version "0.3.0"
  resolved "https://registry.yarnpkg.com/strip-ansi/-/strip-ansi-0.3.0.tgz#25f48ea22ca79187f3174a4db8759347bb126220"
  dependencies:
    ansi-regex "^0.2.1"

strip-ansi@^3.0.0:
  version "3.0.1"
  resolved "https://registry.yarnpkg.com/strip-ansi/-/strip-ansi-3.0.1.tgz#6a385fb8853d952d5ff05d0e8aaf94278dc63dcf"
  dependencies:
    ansi-regex "^2.0.0"

supports-color@^0.2.0:
  version "0.2.0"
  resolved "https://registry.yarnpkg.com/supports-color/-/supports-color-0.2.0.tgz#d92de2694eb3f67323973d7ae3d8b55b4c22190a"

supports-color@^2.0.0:
  version "2.0.0"
  resolved "https://registry.yarnpkg.com/supports-color/-/supports-color-2.0.0.tgz#535d045ce6b6363fa40117084629995e9df324c7"

supports-color@^3.2.3:
  version "3.2.3"
  resolved "https://registry.yarnpkg.com/supports-color/-/supports-color-3.2.3.tgz#65ac0504b3954171d8a64946b2ae3cbb8a5f54f6"
  dependencies:
    has-flag "^1.0.0"

tiny-lr-fork@0.0.5:
  version "0.0.5"
  resolved "https://registry.yarnpkg.com/tiny-lr-fork/-/tiny-lr-fork-0.0.5.tgz#1e99e1e2a8469b736ab97d97eefa98c71f76ed0a"
  dependencies:
    debug "~0.7.0"
    faye-websocket "~0.4.3"
    noptify "~0.0.3"
    qs "~0.5.2"

tough-cookie@~2.3.0:
  version "2.3.2"
  resolved "https://registry.yarnpkg.com/tough-cookie/-/tough-cookie-2.3.2.tgz#f081f76e4c85720e6c37a5faced737150d84072a"
  dependencies:
    punycode "^1.4.1"

tunnel-agent@~0.4.1:
  version "0.4.3"
  resolved "https://registry.yarnpkg.com/tunnel-agent/-/tunnel-agent-0.4.3.tgz#6373db76909fe570e08d73583365ed828a74eeeb"

tweetnacl@^0.14.3, tweetnacl@~0.14.0:
  version "0.14.5"
  resolved "https://registry.yarnpkg.com/tweetnacl/-/tweetnacl-0.14.5.tgz#5ae68177f192d4456269d108afa93ff8743f4f64"

underscore.string@~2.2.1:
  version "2.2.1"
  resolved "https://registry.yarnpkg.com/underscore.string/-/underscore.string-2.2.1.tgz#d7c0fa2af5d5a1a67f4253daee98132e733f0f19"

underscore.string@~2.3.3:
  version "2.3.3"
  resolved "https://registry.yarnpkg.com/underscore.string/-/underscore.string-2.3.3.tgz#71c08bf6b428b1133f37e78fa3a21c82f7329b0d"

underscore.string@~2.4.0:
  version "2.4.0"
  resolved "https://registry.yarnpkg.com/underscore.string/-/underscore.string-2.4.0.tgz#8cdd8fbac4e2d2ea1e7e2e8097c42f442280f85b"

underscore@~1.7.0:
  version "1.7.0"
  resolved "https://registry.yarnpkg.com/underscore/-/underscore-1.7.0.tgz#6bbaf0877500d36be34ecaa584e0db9fef035209"

uuid@^3.0.0:
  version "3.0.1"
  resolved "https://registry.yarnpkg.com/uuid/-/uuid-3.0.1.tgz#6544bba2dfda8c1cf17e629a3a305e2bb1fee6c1"

verror@1.3.6:
  version "1.3.6"
  resolved "https://registry.yarnpkg.com/verror/-/verror-1.3.6.tgz#cff5df12946d297d2baaefaa2689e25be01c005c"
  dependencies:
    extsprintf "1.0.2"

which@~1.0.5:
  version "1.0.9"
  resolved "https://registry.yarnpkg.com/which/-/which-1.0.9.tgz#460c1da0f810103d0321a9b633af9e575e64486f"
